{
  "name": "drone-project",
  "version": "1.0.0",
  "lockfileVersion": 2,
  "requires": true,
  "packages": {
    "": {
      "name": "drone-project",
      "version": "1.0.0",
      "license": "ISC",
      "dependencies": {
        "ar-drone": "^0.3.3"
      }
    },
    "node_modules/ar-drone": {
      "version": "0.3.3",
      "resolved": "https://registry.npmjs.org/ar-drone/-/ar-drone-0.3.3.tgz",
      "integrity": "sha512-zqWS7BUC7ztsS/nftWOz1pIjNf/7PP8gLIr/RxipixcZouHu3JfYc9DyGDKDDhaRXCyocQ8j6WwroJCIk7JtHQ==",
      "dependencies": {
        "buffy": "0.0.4",
        "simple-debug": "~1.1.1"
      },
      "engines": {
        "node": "*"
      }
    },
    "node_modules/buffy": {
      "version": "0.0.4",
      "resolved": "https://registry.npmjs.org/buffy/-/buffy-0.0.4.tgz",
      "integrity": "sha512-rJfZM+jI+diqoMaJmpsPYyhnDJMieGrdiEpnChBHFsQM1bGx38wH2o1AvPEuibwMKm8dSnVGU8t4L5uq8h3bEQ==",
      "engines": {
        "node": "*"
      }
    },
    "node_modules/simple-debug": {
      "version": "1.1.2",
      "resolved": "https://registry.npmjs.org/simple-debug/-/simple-debug-1.1.2.tgz",
      "integrity": "sha1-CTTh23WjNwaE96y2Y9FVtNRMxss="
    }
  },
  "dependencies": {
    "ar-drone": {
      "version": "0.3.3",
      "resolved": "https://registry.npmjs.org/ar-drone/-/ar-drone-0.3.3.tgz",
      "integrity": "sha512-zqWS7BUC7ztsS/nftWOz1pIjNf/7PP8gLIr/RxipixcZouHu3JfYc9DyGDKDDhaRXCyocQ8j6WwroJCIk7JtHQ==",
      "requires": {
        "buffy": "0.0.4",
        "simple-debug": "~1.1.1"
      }
    },
    "buffy": {
      "version": "0.0.4",
      "resolved": "https://registry.npmjs.org/buffy/-/buffy-0.0.4.tgz",
      "integrity": "sha512-rJfZM+jI+diqoMaJmpsPYyhnDJMieGrdiEpnChBHFsQM1bGx38wH2o1AvPEuibwMKm8dSnVGU8t4L5uq8h3bEQ=="
    },
    "simple-debug": {
      "version": "1.1.2",
      "resolved": "https://registry.npmjs.org/simple-debug/-/simple-debug-1.1.2.tgz",
      "integrity": "sha1-CTTh23WjNwaE96y2Y9FVtNRMxss="
    }
  }
}
